
Microsoft Visual Studio Solution File, Format Version 12.00
# Visual Studio Version 17
VisualStudioVersion = 17.5.33209.295
MinimumVisualStudioVersion = 10.0.40219.1
Project("{D954291E-2A0B-460D-934E-DC6B0785DB48}") = "Watcher", "Watcher.shproj", "{6B458E3B-908C-4CDB-A583-B98470B15D1E}"
EndProject
Project("{FAE04EC0-301F-11D3-BF4B-00C04F79EFBC}") = "Watcher.2022", "Watcher.2022\Watcher.2022.csproj", "{99D7E7AD-76B7-4F18-9BE5-BEBAA3EB24BA}"
EndProject
Global
	GlobalSection(SolutionConfigurationPlatforms) = preSolution
		Debug|Any CPU = Debug|Any CPU
		Debug|arm64 = Debug|arm64
		Debug|x86 = Debug|x86
		Release|Any CPU = Release|Any CPU
		Release|arm64 = Release|arm64
		Release|x86 = Release|x86
	EndGlobalSection
	GlobalSection(ProjectConfigurationPlatforms) = postSolution
		{99D7E7AD-76B7-4F18-9BE5-BEBAA3EB24BA}.Debug|Any CPU.ActiveCfg = Debug|Any CPU
		{99D7E7AD-76B7-4F18-9BE5-BEBAA3EB24BA}.Debug|Any CPU.Build.0 = Debug|Any CPU
		{99D7E7AD-76B7-4F18-9BE5-BEBAA3EB24BA}.Debug|arm64.ActiveCfg = Debug|arm64
		{99D7E7AD-76B7-4F18-9BE5-BEBAA3EB24BA}.Debug|arm64.Build.0 = Debug|arm64
		{99D7E7AD-76B7-4F18-9BE5-BEBAA3EB24BA}.Debug|x86.ActiveCfg = Debug|x86
		{99D7E7AD-76B7-4F18-9BE5-BEBAA3EB24BA}.Debug|x86.Build.0 = Debug|x86
		{99D7E7AD-76B7-4F18-9BE5-BEBAA3EB24BA}.Release|Any CPU.ActiveCfg = Release|Any CPU
		{99D7E7AD-76B7-4F18-9BE5-BEBAA3EB24BA}.Release|Any CPU.Build.0 = Release|Any CPU
		{99D7E7AD-76B7-4F18-9BE5-BEBAA3EB24BA}.Release|arm64.ActiveCfg = Release|arm64
		{99D7E7AD-76B7-4F18-9BE5-BEBAA3EB24BA}.Release|arm64.Build.0 = Release|arm64
		{99D7E7AD-76B7-4F18-9BE5-BEBAA3EB24BA}.Release|x86.ActiveCfg = Release|x86
		{99D7E7AD-76B7-4F18-9BE5-BEBAA3EB24BA}.Release|x86.Build.0 = Release|x86
	EndGlobalSection
	GlobalSection(SolutionProperties) = preSolution
		HideSolutionNode = FALSE
	EndGlobalSection
	GlobalSection(ExtensibilityGlobals) = postSolution
		SolutionGuid = {F6F2B8FF-2BB3-43B6-A93E-63DEF6B1CA9C}
	EndGlobalSection
	GlobalSection(SharedMSBuildProjectFiles) = preSolution
		Watcher.projitems*{6b458e3b-908c-4cdb-a583-b98470b15d1e}*SharedItemsImports = 13
		Watcher.projitems*{99d7e7ad-76b7-4f18-9be5-bebaa3eb24ba}*SharedItemsImports = 4
	EndGlobalSection
EndGlobal
